
Microsoft Visual Studio Solution File, Format Version 12.00
# Visual Studio 15
VisualStudioVersion = 15.0.27130.2027
MinimumVisualStudioVersion = 10.0.40219.1
Project("{9A19103F-16F7-4668-BE54-9A1E7A4F7556}") = "DivisibleBy3", "DivisibleBy3\DivisibleBy3.csproj", "{E0CB7E07-147E-4C6C-B5F6-38F27EB2FAE7}"
EndProject
Project("{9A19103F-16F7-4668-BE54-9A1E7A4F7556}") = "SumOfNumbers", "SumOfNumbers\SumOfNumbers.csproj", "{2EFCDC44-BCB1-4D34-BB58-619160F84832}"
EndProject
Project("{9A19103F-16F7-4668-BE54-9A1E7A4F7556}") = "FactorialOfNumbers", "FactorialOfNumbers\FactorialOfNumbers.csproj", "{0B3C2658-8647-4A7A-B231-13A1BB2FE34E}"
EndProject
Project("{9A19103F-16F7-4668-BE54-9A1E7A4F7556}") = "GuessTheNumber", "GuessTheNumber\GuessTheNumber.csproj", "{7C4A87A1-AC1D-43D4-9CDD-9D9AD31586BA}"
EndProject
Project("{9A19103F-16F7-4668-BE54-9A1E7A4F7556}") = "SeriesOfNumbers", "SeriesOfNumbers\SeriesOfNumbers.csproj", "{1EC92AB5-B09E-4056-8B50-81D2B0736735}"
EndProject
Project("{2150E333-8FDC-42A3-9474-1A3956D46DE8}") = "Solution Items", "Solution Items", "{92B4783F-1F79-4C14-B7DE-C3D0F96C8677}"
	ProjectSection(SolutionItems) = preProject
		.gitignore = .gitignore
	EndProjectSection
EndProject
Global
	GlobalSection(SolutionConfigurationPlatforms) = preSolution
		Debug|Any CPU = Debug|Any CPU
		Release|Any CPU = Release|Any CPU
	EndGlobalSection
	GlobalSection(ProjectConfigurationPlatforms) = postSolution
		{E0CB7E07-147E-4C6C-B5F6-38F27EB2FAE7}.Debug|Any CPU.ActiveCfg = Debug|Any CPU
		{E0CB7E07-147E-4C6C-B5F6-38F27EB2FAE7}.Debug|Any CPU.Build.0 = Debug|Any CPU
		{E0CB7E07-147E-4C6C-B5F6-38F27EB2FAE7}.Release|Any CPU.ActiveCfg = Release|Any CPU
		{E0CB7E07-147E-4C6C-B5F6-38F27EB2FAE7}.Release|Any CPU.Build.0 = Release|Any CPU
		{2EFCDC44-BCB1-4D34-BB58-619160F84832}.Debug|Any CPU.ActiveCfg = Debug|Any CPU
		{2EFCDC44-BCB1-4D34-BB58-619160F84832}.Debug|Any CPU.Build.0 = Debug|Any CPU
		{2EFCDC44-BCB1-4D34-BB58-619160F84832}.Release|Any CPU.ActiveCfg = Release|Any CPU
		{2EFCDC44-BCB1-4D34-BB58-619160F84832}.Release|Any CPU.Build.0 = Release|Any CPU
		{0B3C2658-8647-4A7A-B231-13A1BB2FE34E}.Debug|Any CPU.ActiveCfg = Debug|Any CPU
		{0B3C2658-8647-4A7A-B231-13A1BB2FE34E}.Debug|Any CPU.Build.0 = Debug|Any CPU
		{0B3C2658-8647-4A7A-B231-13A1BB2FE34E}.Release|Any CPU.ActiveCfg = Release|Any CPU
		{0B3C2658-8647-4A7A-B231-13A1BB2FE34E}.Release|Any CPU.Build.0 = Release|Any CPU
		{7C4A87A1-AC1D-43D4-9CDD-9D9AD31586BA}.Debug|Any CPU.ActiveCfg = Debug|Any CPU
		{7C4A87A1-AC1D-43D4-9CDD-9D9AD31586BA}.Debug|Any CPU.Build.0 = Debug|Any CPU
		{7C4A87A1-AC1D-43D4-9CDD-9D9AD31586BA}.Release|Any CPU.ActiveCfg = Release|Any CPU
		{7C4A87A1-AC1D-43D4-9CDD-9D9AD31586BA}.Release|Any CPU.Build.0 = Release|Any CPU
		{1EC92AB5-B09E-4056-8B50-81D2B0736735}.Debug|Any CPU.ActiveCfg = Debug|Any CPU
		{1EC92AB5-B09E-4056-8B50-81D2B0736735}.Debug|Any CPU.Build.0 = Debug|Any CPU
		{1EC92AB5-B09E-4056-8B50-81D2B0736735}.Release|Any CPU.ActiveCfg = Release|Any CPU
		{1EC92AB5-B09E-4056-8B50-81D2B0736735}.Release|Any CPU.Build.0 = Release|Any CPU
	EndGlobalSection
	GlobalSection(SolutionProperties) = preSolution
		HideSolutionNode = FALSE
	EndGlobalSection
	GlobalSection(ExtensibilityGlobals) = postSolution
		SolutionGuid = {D54DD66F-E0FD-4AA7-80E4-05959CECEEF9}
	EndGlobalSection
EndGlobal
